
Microsoft Visual Studio Solution File, Format Version 12.00
# Visual Studio Express 2013 for Windows Desktop
VisualStudioVersion = 12.0.21005.1
MinimumVisualStudioVersion = 10.0.40219.1
Project("{8BC9CEB8-8B4A-11D0-8D11-00A0C91BC942}") = "model_preview", "model_preview.vcxproj", "{CA6398C1-ED4D-45E7-A71F-269B53965909}"
	ProjectSection(ProjectDependencies) = postProject
		{6A15B850-C902-4CF0-8B7C-1766ECE1147C} = {6A15B850-C902-4CF0-8B7C-1766ECE1147C}
	EndProjectSection
EndProject
Project("{8BC9CEB8-8B4A-11D0-8D11-00A0C91BC942}") = "dae_reader", "..\dae_reader\dae_reader.vcxproj", "{6A15B850-C902-4CF0-8B7C-1766ECE1147C}"
EndProject
Global
	GlobalSection(SolutionConfigurationPlatforms) = preSolution
		Debug|Win32 = Debug|Win32
		Release|Win32 = Release|Win32
	EndGlobalSection
	GlobalSection(ProjectConfigurationPlatforms) = postSolution
		{CA6398C1-ED4D-45E7-A71F-269B53965909}.Debug|Win32.ActiveCfg = Debug|Win32
		{CA6398C1-ED4D-45E7-A71F-269B53965909}.Debug|Win32.Build.0 = Debug|Win32
		{CA6398C1-ED4D-45E7-A71F-269B53965909}.Release|Win32.ActiveCfg = Release|Win32
		{CA6398C1-ED4D-45E7-A71F-269B53965909}.Release|Win32.Build.0 = Release|Win32
		{6A15B850-C902-4CF0-8B7C-1766ECE1147C}.Debug|Win32.ActiveCfg = Debug|Win32
		{6A15B850-C902-4CF0-8B7C-1766ECE1147C}.Debug|Win32.Build.0 = Debug|Win32
		{6A15B850-C902-4CF0-8B7C-1766ECE1147C}.Release|Win32.ActiveCfg = Release|Win32
		{6A15B850-C902-4CF0-8B7C-1766ECE1147C}.Release|Win32.Build.0 = Release|Win32
	EndGlobalSection
	GlobalSection(SolutionProperties) = preSolution
		HideSolutionNode = FALSE
	EndGlobalSection
EndGlobal
